
Microsoft Visual Studio Solution File, Format Version 12.00
# Visual Studio Version 17
VisualStudioVersion = 17.11.35303.130
MinimumVisualStudioVersion = 10.0.40219.1
Project("{FAE04EC0-301F-11D3-BF4B-00C04F79EFBC}") = "TorneoChallenge", "TorneoChallenge\TorneoChallenge.csproj", "{3858E049-552F-4DCB-B0F1-17927C7BBFF8}"
EndProject
Project("{FAE04EC0-301F-11D3-BF4B-00C04F79EFBC}") = "TorneoEntidades", "TorneoEntidades\TorneoEntidades.csproj", "{17F12745-1DAD-41E1-846C-E999CCDD6314}"
EndProject
Project("{FAE04EC0-301F-11D3-BF4B-00C04F79EFBC}") = "TorneoInfraestructura", "TorneoInfraestructura\TorneoInfraestructura.csproj", "{E23F9A77-8010-4285-B508-8B9D17EB99E9}"
EndProject
Project("{FAE04EC0-301F-11D3-BF4B-00C04F79EFBC}") = "TorneoUnitTests", "TorneoUnitTests\TorneoUnitTests.csproj", "{BFC9F929-F3D1-4A26-AD02-BA5D829F06A6}"
EndProject
Project("{FAE04EC0-301F-11D3-BF4B-00C04F79EFBC}") = "TorneoAplicacion", "TorneoAplicacion\TorneoAplicacion.csproj", "{DF04CBFF-CBC2-4F2B-9D81-5BCAE304AE01}"
EndProject
Global
	GlobalSection(SolutionConfigurationPlatforms) = preSolution
		Debug|Any CPU = Debug|Any CPU
		Release|Any CPU = Release|Any CPU
	EndGlobalSection
	GlobalSection(ProjectConfigurationPlatforms) = postSolution
		{3858E049-552F-4DCB-B0F1-17927C7BBFF8}.Debug|Any CPU.ActiveCfg = Debug|Any CPU
		{3858E049-552F-4DCB-B0F1-17927C7BBFF8}.Debug|Any CPU.Build.0 = Debug|Any CPU
		{3858E049-552F-4DCB-B0F1-17927C7BBFF8}.Release|Any CPU.ActiveCfg = Release|Any CPU
		{3858E049-552F-4DCB-B0F1-17927C7BBFF8}.Release|Any CPU.Build.0 = Release|Any CPU
		{17F12745-1DAD-41E1-846C-E999CCDD6314}.Debug|Any CPU.ActiveCfg = Debug|Any CPU
		{17F12745-1DAD-41E1-846C-E999CCDD6314}.Debug|Any CPU.Build.0 = Debug|Any CPU
		{17F12745-1DAD-41E1-846C-E999CCDD6314}.Release|Any CPU.ActiveCfg = Release|Any CPU
		{17F12745-1DAD-41E1-846C-E999CCDD6314}.Release|Any CPU.Build.0 = Release|Any CPU
		{E23F9A77-8010-4285-B508-8B9D17EB99E9}.Debug|Any CPU.ActiveCfg = Debug|Any CPU
		{E23F9A77-8010-4285-B508-8B9D17EB99E9}.Debug|Any CPU.Build.0 = Debug|Any CPU
		{E23F9A77-8010-4285-B508-8B9D17EB99E9}.Release|Any CPU.ActiveCfg = Release|Any CPU
		{E23F9A77-8010-4285-B508-8B9D17EB99E9}.Release|Any CPU.Build.0 = Release|Any CPU
		{BFC9F929-F3D1-4A26-AD02-BA5D829F06A6}.Debug|Any CPU.ActiveCfg = Debug|Any CPU
		{BFC9F929-F3D1-4A26-AD02-BA5D829F06A6}.Debug|Any CPU.Build.0 = Debug|Any CPU
		{BFC9F929-F3D1-4A26-AD02-BA5D829F06A6}.Release|Any CPU.ActiveCfg = Release|Any CPU
		{BFC9F929-F3D1-4A26-AD02-BA5D829F06A6}.Release|Any CPU.Build.0 = Release|Any CPU
		{DF04CBFF-CBC2-4F2B-9D81-5BCAE304AE01}.Debug|Any CPU.ActiveCfg = Debug|Any CPU
		{DF04CBFF-CBC2-4F2B-9D81-5BCAE304AE01}.Debug|Any CPU.Build.0 = Debug|Any CPU
		{DF04CBFF-CBC2-4F2B-9D81-5BCAE304AE01}.Release|Any CPU.ActiveCfg = Release|Any CPU
		{DF04CBFF-CBC2-4F2B-9D81-5BCAE304AE01}.Release|Any CPU.Build.0 = Release|Any CPU
	EndGlobalSection
	GlobalSection(SolutionProperties) = preSolution
		HideSolutionNode = FALSE
	EndGlobalSection
	GlobalSection(ExtensibilityGlobals) = postSolution
		SolutionGuid = {BD387DF9-F0FB-4F76-9054-A075078C065F}
	EndGlobalSection
EndGlobal
